
Microsoft Visual Studio Solution File, Format Version 12.00
# Visual Studio 14
Project("{8BC9CEB8-8B4A-11D0-8D11-00A0C91BC942}") = "ALL_BUILD", "ALL_BUILD.vcxproj", "{835BE49E-7364-36C0-A8D8-E950D72F8647}"
	ProjectSection(ProjectDependencies) = postProject
		{4C60C6FA-36E3-315E-897F-1982C9A8C1C2} = {4C60C6FA-36E3-315E-897F-1982C9A8C1C2}
		{311FD504-B1D7-3B24-BA87-1F0131D23982} = {311FD504-B1D7-3B24-BA87-1F0131D23982}
	EndProjectSection
EndProject
Project("{8BC9CEB8-8B4A-11D0-8D11-00A0C91BC942}") = "GQITestCommon", "..\..\src\GQITestCommon\GQITestCommon.vcxproj", "{A3BB5D9B-6DDF-3FFC-8CEC-A2E63405BE6A}"
	ProjectSection(ProjectDependencies) = postProject
		{311FD504-B1D7-3B24-BA87-1F0131D23982} = {311FD504-B1D7-3B24-BA87-1F0131D23982}
		{B40B809B-AFCC-3326-83CB-676B44EC2C37} = {B40B809B-AFCC-3326-83CB-676B44EC2C37}
		{EBAEF50D-F1BC-39E3-BFCF-5C0CCED383C8} = {EBAEF50D-F1BC-39E3-BFCF-5C0CCED383C8}
	EndProjectSection
EndProject
Project("{8BC9CEB8-8B4A-11D0-8D11-00A0C91BC942}") = "GQITestFrame", "GQITestFrame.vcxproj", "{4C60C6FA-36E3-315E-897F-1982C9A8C1C2}"
	ProjectSection(ProjectDependencies) = postProject
		{A3BB5D9B-6DDF-3FFC-8CEC-A2E63405BE6A} = {A3BB5D9B-6DDF-3FFC-8CEC-A2E63405BE6A}
		{311FD504-B1D7-3B24-BA87-1F0131D23982} = {311FD504-B1D7-3B24-BA87-1F0131D23982}
		{B40B809B-AFCC-3326-83CB-676B44EC2C37} = {B40B809B-AFCC-3326-83CB-676B44EC2C37}
		{EBAEF50D-F1BC-39E3-BFCF-5C0CCED383C8} = {EBAEF50D-F1BC-39E3-BFCF-5C0CCED383C8}
	EndProjectSection
EndProject
Project("{8BC9CEB8-8B4A-11D0-8D11-00A0C91BC942}") = "INSTALL", "INSTALL.vcxproj", "{246AEA4D-DC3C-39F5-8CEE-34A241B623A6}"
	ProjectSection(ProjectDependencies) = postProject
		{835BE49E-7364-36C0-A8D8-E950D72F8647} = {835BE49E-7364-36C0-A8D8-E950D72F8647}
		{311FD504-B1D7-3B24-BA87-1F0131D23982} = {311FD504-B1D7-3B24-BA87-1F0131D23982}
	EndProjectSection
EndProject
Project("{8BC9CEB8-8B4A-11D0-8D11-00A0C91BC942}") = "ZERO_CHECK", "..\..\\ZERO_CHECK.vcxproj", "{311FD504-B1D7-3B24-BA87-1F0131D23982}"
	ProjectSection(ProjectDependencies) = postProject
	EndProjectSection
EndProject
Project("{8BC9CEB8-8B4A-11D0-8D11-00A0C91BC942}") = "gtest", "..\..\Trd-Party\googletest\googletest\gtest.vcxproj", "{B40B809B-AFCC-3326-83CB-676B44EC2C37}"
	ProjectSection(ProjectDependencies) = postProject
		{311FD504-B1D7-3B24-BA87-1F0131D23982} = {311FD504-B1D7-3B24-BA87-1F0131D23982}
	EndProjectSection
EndProject
Project("{8BC9CEB8-8B4A-11D0-8D11-00A0C91BC942}") = "gtest_main", "..\..\Trd-Party\googletest\googletest\gtest_main.vcxproj", "{EBAEF50D-F1BC-39E3-BFCF-5C0CCED383C8}"
	ProjectSection(ProjectDependencies) = postProject
		{311FD504-B1D7-3B24-BA87-1F0131D23982} = {311FD504-B1D7-3B24-BA87-1F0131D23982}
		{B40B809B-AFCC-3326-83CB-676B44EC2C37} = {B40B809B-AFCC-3326-83CB-676B44EC2C37}
	EndProjectSection
EndProject
Global
	GlobalSection(SolutionConfigurationPlatforms) = preSolution
		Debug|x64 = Debug|x64
		Release|x64 = Release|x64
		MinSizeRel|x64 = MinSizeRel|x64
		RelWithDebInfo|x64 = RelWithDebInfo|x64
	EndGlobalSection
	GlobalSection(ProjectConfigurationPlatforms) = postSolution
		{835BE49E-7364-36C0-A8D8-E950D72F8647}.Debug|x64.ActiveCfg = Debug|x64
		{835BE49E-7364-36C0-A8D8-E950D72F8647}.Debug|x64.Build.0 = Debug|x64
		{835BE49E-7364-36C0-A8D8-E950D72F8647}.Release|x64.ActiveCfg = Release|x64
		{835BE49E-7364-36C0-A8D8-E950D72F8647}.Release|x64.Build.0 = Release|x64
		{835BE49E-7364-36C0-A8D8-E950D72F8647}.MinSizeRel|x64.ActiveCfg = MinSizeRel|x64
		{835BE49E-7364-36C0-A8D8-E950D72F8647}.MinSizeRel|x64.Build.0 = MinSizeRel|x64
		{835BE49E-7364-36C0-A8D8-E950D72F8647}.RelWithDebInfo|x64.ActiveCfg = RelWithDebInfo|x64
		{835BE49E-7364-36C0-A8D8-E950D72F8647}.RelWithDebInfo|x64.Build.0 = RelWithDebInfo|x64
		{A3BB5D9B-6DDF-3FFC-8CEC-A2E63405BE6A}.Debug|x64.ActiveCfg = Debug|x64
		{A3BB5D9B-6DDF-3FFC-8CEC-A2E63405BE6A}.Debug|x64.Build.0 = Debug|x64
		{A3BB5D9B-6DDF-3FFC-8CEC-A2E63405BE6A}.Release|x64.ActiveCfg = Release|x64
		{A3BB5D9B-6DDF-3FFC-8CEC-A2E63405BE6A}.Release|x64.Build.0 = Release|x64
		{A3BB5D9B-6DDF-3FFC-8CEC-A2E63405BE6A}.MinSizeRel|x64.ActiveCfg = MinSizeRel|x64
		{A3BB5D9B-6DDF-3FFC-8CEC-A2E63405BE6A}.MinSizeRel|x64.Build.0 = MinSizeRel|x64
		{A3BB5D9B-6DDF-3FFC-8CEC-A2E63405BE6A}.RelWithDebInfo|x64.ActiveCfg = RelWithDebInfo|x64
		{A3BB5D9B-6DDF-3FFC-8CEC-A2E63405BE6A}.RelWithDebInfo|x64.Build.0 = RelWithDebInfo|x64
		{4C60C6FA-36E3-315E-897F-1982C9A8C1C2}.Debug|x64.ActiveCfg = Debug|x64
		{4C60C6FA-36E3-315E-897F-1982C9A8C1C2}.Debug|x64.Build.0 = Debug|x64
		{4C60C6FA-36E3-315E-897F-1982C9A8C1C2}.Release|x64.ActiveCfg = Release|x64
		{4C60C6FA-36E3-315E-897F-1982C9A8C1C2}.Release|x64.Build.0 = Release|x64
		{4C60C6FA-36E3-315E-897F-1982C9A8C1C2}.MinSizeRel|x64.ActiveCfg = MinSizeRel|x64
		{4C60C6FA-36E3-315E-897F-1982C9A8C1C2}.MinSizeRel|x64.Build.0 = MinSizeRel|x64
		{4C60C6FA-36E3-315E-897F-1982C9A8C1C2}.RelWithDebInfo|x64.ActiveCfg = RelWithDebInfo|x64
		{4C60C6FA-36E3-315E-897F-1982C9A8C1C2}.RelWithDebInfo|x64.Build.0 = RelWithDebInfo|x64
		{246AEA4D-DC3C-39F5-8CEE-34A241B623A6}.Debug|x64.ActiveCfg = Debug|x64
		{246AEA4D-DC3C-39F5-8CEE-34A241B623A6}.Release|x64.ActiveCfg = Release|x64
		{246AEA4D-DC3C-39F5-8CEE-34A241B623A6}.MinSizeRel|x64.ActiveCfg = MinSizeRel|x64
		{246AEA4D-DC3C-39F5-8CEE-34A241B623A6}.RelWithDebInfo|x64.ActiveCfg = RelWithDebInfo|x64
		{311FD504-B1D7-3B24-BA87-1F0131D23982}.Debug|x64.ActiveCfg = Debug|x64
		{311FD504-B1D7-3B24-BA87-1F0131D23982}.Debug|x64.Build.0 = Debug|x64
		{311FD504-B1D7-3B24-BA87-1F0131D23982}.Release|x64.ActiveCfg = Release|x64
		{311FD504-B1D7-3B24-BA87-1F0131D23982}.Release|x64.Build.0 = Release|x64
		{311FD504-B1D7-3B24-BA87-1F0131D23982}.MinSizeRel|x64.ActiveCfg = MinSizeRel|x64
		{311FD504-B1D7-3B24-BA87-1F0131D23982}.MinSizeRel|x64.Build.0 = MinSizeRel|x64
		{311FD504-B1D7-3B24-BA87-1F0131D23982}.RelWithDebInfo|x64.ActiveCfg = RelWithDebInfo|x64
		{311FD504-B1D7-3B24-BA87-1F0131D23982}.RelWithDebInfo|x64.Build.0 = RelWithDebInfo|x64
		{B40B809B-AFCC-3326-83CB-676B44EC2C37}.Debug|x64.ActiveCfg = Debug|x64
		{B40B809B-AFCC-3326-83CB-676B44EC2C37}.Debug|x64.Build.0 = Debug|x64
		{B40B809B-AFCC-3326-83CB-676B44EC2C37}.Release|x64.ActiveCfg = Release|x64
		{B40B809B-AFCC-3326-83CB-676B44EC2C37}.Release|x64.Build.0 = Release|x64
		{B40B809B-AFCC-3326-83CB-676B44EC2C37}.MinSizeRel|x64.ActiveCfg = MinSizeRel|x64
		{B40B809B-AFCC-3326-83CB-676B44EC2C37}.MinSizeRel|x64.Build.0 = MinSizeRel|x64
		{B40B809B-AFCC-3326-83CB-676B44EC2C37}.RelWithDebInfo|x64.ActiveCfg = RelWithDebInfo|x64
		{B40B809B-AFCC-3326-83CB-676B44EC2C37}.RelWithDebInfo|x64.Build.0 = RelWithDebInfo|x64
		{EBAEF50D-F1BC-39E3-BFCF-5C0CCED383C8}.Debug|x64.ActiveCfg = Debug|x64
		{EBAEF50D-F1BC-39E3-BFCF-5C0CCED383C8}.Debug|x64.Build.0 = Debug|x64
		{EBAEF50D-F1BC-39E3-BFCF-5C0CCED383C8}.Release|x64.ActiveCfg = Release|x64
		{EBAEF50D-F1BC-39E3-BFCF-5C0CCED383C8}.Release|x64.Build.0 = Release|x64
		{EBAEF50D-F1BC-39E3-BFCF-5C0CCED383C8}.MinSizeRel|x64.ActiveCfg = MinSizeRel|x64
		{EBAEF50D-F1BC-39E3-BFCF-5C0CCED383C8}.MinSizeRel|x64.Build.0 = MinSizeRel|x64
		{EBAEF50D-F1BC-39E3-BFCF-5C0CCED383C8}.RelWithDebInfo|x64.ActiveCfg = RelWithDebInfo|x64
		{EBAEF50D-F1BC-39E3-BFCF-5C0CCED383C8}.RelWithDebInfo|x64.Build.0 = RelWithDebInfo|x64
	EndGlobalSection
	GlobalSection(ExtensibilityGlobals) = postSolution
		SolutionGuid = {A8B53050-EC7C-355D-9469-F21ED4E068EF}
	EndGlobalSection
	GlobalSection(ExtensibilityAddIns) = postSolution
	EndGlobalSection
EndGlobal
